
Microsoft Visual Studio Solution File, Format Version 12.00
# Visual Studio 2013
VisualStudioVersion = 12.0.30501.0
MinimumVisualStudioVersion = 10.0.40219.1
Project("{262852C6-CD72-467D-83FE-5EEB1973A190}") = "biz.dfch.LS.PushMenu.HTMLClient", "biz.dfch.LS.PushMenu\biz.dfch.LS.PushMenu.HTMLClient\biz.dfch.LS.PushMenu.HTMLClient.jsproj", "{A5A31F01-BAE6-4132-ABCB-7CA606F0113E}"
EndProject
Project("{FAE04EC0-301F-11D3-BF4B-00C04F79EFBC}") = "biz.dfch.LS.PushMenu.Server", "biz.dfch.LS.PushMenu\biz.dfch.LS.PushMenu.Server\biz.dfch.LS.PushMenu.Server.csproj", "{F2EA28B5-86F8-4225-BBE5-8DBAFD9C7F96}"
EndProject
Project("{581633EB-B896-402F-8E60-36F3DA191C85}") = "biz.dfch.LS.PushMenu", "biz.dfch.LS.PushMenu\biz.dfch.LS.PushMenu.lsxtproj", "{61AE4181-4201-424D-9694-3C08184010E3}"
EndProject
Global
	GlobalSection(SolutionConfigurationPlatforms) = preSolution
		Debug|Any CPU = Debug|Any CPU
		Release|Any CPU = Release|Any CPU
	EndGlobalSection
	GlobalSection(ProjectConfigurationPlatforms) = postSolution
		{A5A31F01-BAE6-4132-ABCB-7CA606F0113E}.Debug|Any CPU.ActiveCfg = Debug|Any CPU
		{A5A31F01-BAE6-4132-ABCB-7CA606F0113E}.Debug|Any CPU.Build.0 = Debug|Any CPU
		{A5A31F01-BAE6-4132-ABCB-7CA606F0113E}.Release|Any CPU.ActiveCfg = Release|Any CPU
		{A5A31F01-BAE6-4132-ABCB-7CA606F0113E}.Release|Any CPU.Build.0 = Release|Any CPU
		{F2EA28B5-86F8-4225-BBE5-8DBAFD9C7F96}.Debug|Any CPU.ActiveCfg = Debug|Any CPU
		{F2EA28B5-86F8-4225-BBE5-8DBAFD9C7F96}.Debug|Any CPU.Build.0 = Debug|Any CPU
		{F2EA28B5-86F8-4225-BBE5-8DBAFD9C7F96}.Release|Any CPU.ActiveCfg = Release|Any CPU
		{F2EA28B5-86F8-4225-BBE5-8DBAFD9C7F96}.Release|Any CPU.Build.0 = Release|Any CPU
		{61AE4181-4201-424D-9694-3C08184010E3}.Debug|Any CPU.ActiveCfg = Debug|Any CPU
		{61AE4181-4201-424D-9694-3C08184010E3}.Debug|Any CPU.Build.0 = Debug|Any CPU
		{61AE4181-4201-424D-9694-3C08184010E3}.Release|Any CPU.ActiveCfg = Release|Any CPU
		{61AE4181-4201-424D-9694-3C08184010E3}.Release|Any CPU.Build.0 = Release|Any CPU
	EndGlobalSection
	GlobalSection(SolutionProperties) = preSolution
		HideSolutionNode = FALSE
	EndGlobalSection
EndGlobal
